
Microsoft Visual Studio Solution File, Format Version 12.00
# Visual Studio Version 17
VisualStudioVersion = 17.10.35122.118
MinimumVisualStudioVersion = 10.0.40219.1
Project("{FAE04EC0-301F-11D3-BF4B-00C04F79EFBC}") = "Lesson7", "Lesson7\Lesson7.csproj", "{F5ABD890-9599-42EF-B94A-E510E9557D5D}"
EndProject
Project("{2150E333-8FDC-42A3-9474-1A3956D46DE8}") = "Solution Items", "Solution Items", "{99282873-0246-48B3-A1C2-E3BE9492521D}"
EndProject
Global
	GlobalSection(SolutionConfigurationPlatforms) = preSolution
		Debug|Any CPU = Debug|Any CPU
		Release|Any CPU = Release|Any CPU
	EndGlobalSection
	GlobalSection(ProjectConfigurationPlatforms) = postSolution
		{F5ABD890-9599-42EF-B94A-E510E9557D5D}.Debug|Any CPU.ActiveCfg = Debug|Any CPU
		{F5ABD890-9599-42EF-B94A-E510E9557D5D}.Debug|Any CPU.Build.0 = Debug|Any CPU
		{F5ABD890-9599-42EF-B94A-E510E9557D5D}.Release|Any CPU.ActiveCfg = Release|Any CPU
		{F5ABD890-9599-42EF-B94A-E510E9557D5D}.Release|Any CPU.Build.0 = Release|Any CPU
	EndGlobalSection
	GlobalSection(SolutionProperties) = preSolution
		HideSolutionNode = FALSE
	EndGlobalSection
	GlobalSection(ExtensibilityGlobals) = postSolution
		SolutionGuid = {917FF094-21E2-4B6A-9D5B-66A10AD02FE4}
	EndGlobalSection
EndGlobal
